// !$*UTF8*$!
{
	archiveVersion = 1;
	classes = {
	};
	objectVersion = 50;
	objects = {

/* Begin PBXBuildFile section */
		FC1DDFFD26F5A6AC00954DCE /* Tarea_apiApp.swift in Sources */ = {isa = PBXBuildFile; fileRef = FC1DDFFC26F5A6AC00954DCE /* Tarea_apiApp.swift */; };
		FC1DDFFF26F5A6AC00954DCE /* ContentView.swift in Sources */ = {isa = PBXBuildFile; fileRef = FC1DDFFE26F5A6AC00954DCE /* ContentView.swift */; };
		FC1DE00126F5A6AD00954DCE /* Assets.xcassets in Resources */ = {isa = PBXBuildFile; fileRef = FC1DE00026F5A6AD00954DCE /* Assets.xcassets */; };
		FC1DE00426F5A6AD00954DCE /* Preview Assets.xcassets in Resources */ = {isa = PBXBuildFile; fileRef = FC1DE00326F5A6AD00954DCE /* Preview Assets.xcassets */; };
		FC1DE00C26F5A6EF00954DCE /* pokemon.swift in Sources */ = {isa = PBXBuildFile; fileRef = FC1DE00B26F5A6EF00954DCE /* pokemon.swift */; };
		FC7B9DED26F6F70F0009A1C2 /* pokedetail.swift in Sources */ = {isa = PBXBuildFile; fileRef = FC7B9DEC26F6F70F0009A1C2 /* pokedetail.swift */; };
		FC7B9DF526F6FFEC0009A1C2 /* PokemondetailView.swift in Sources */ = {isa = PBXBuildFile; fileRef = FC7B9DF426F6FFEC0009A1C2 /* PokemondetailView.swift */; };
/* End PBXBuildFile section */

/* Begin PBXFileReference section */
		FC1DDFF926F5A6AC00954DCE /* Tarea_api.app */ = {isa = PBXFileReference; explicitFileType = wrapper.application; includeInIndex = 0; path = Tarea_api.app; sourceTree = BUILT_PRODUCTS_DIR; };
		FC1DDFFC26F5A6AC00954DCE /* Tarea_apiApp.swift */ = {isa = PBXFileReference; lastKnownFileType = sourcecode.swift; path = Tarea_apiApp.swift; sourceTree = "<group>"; };
		FC1DDFFE26F5A6AC00954DCE /* ContentView.swift */ = {isa = PBXFileReference; lastKnownFileType = sourcecode.swift; path = ContentView.swift; sourceTree = "<group>"; };
		FC1DE00026F5A6AD00954DCE /* Assets.xcassets */ = {isa = PBXFileReference; lastKnownFileType = folder.assetcatalog; path = Assets.xcassets; sourceTree = "<group>"; };
		FC1DE00326F5A6AD00954DCE /* Preview Assets.xcassets */ = {isa = PBXFileReference; lastKnownFileType = folder.assetcatalog; path = "Preview Assets.xcassets"; sourceTree = "<group>"; };
		FC1DE00526F5A6AD00954DCE /* Info.plist */ = {isa = PBXFileReference; lastKnownFileType = text.plist.xml; path = Info.plist; sourceTree = "<group>"; };
		FC1DE00B26F5A6EF00954DCE /* pokemon.swift */ = {isa = PBXFileReference; lastKnownFileType = sourcecode.swift; path = pokemon.swift; sourceTree = "<group>"; };
		FC7B9DEC26F6F70F0009A1C2 /* pokedetail.swift */ = {isa = PBXFileReference; lastKnownFileType = sourcecode.swift; path = pokedetail.swift; sourceTree = "<group>"; };
		FC7B9DF426F6FFEC0009A1C2 /* PokemondetailView.swift */ = {isa = PBXFileReference; lastKnownFileType = sourcecode.swift; path = PokemondetailView.swift; sourceTree = "<group>"; };
/* End PBXFileReference section */

/* Begin PBXFrameworksBuildPhase section */
		FC1DDFF626F5A6AC00954DCE /* Frameworks */ = {
			isa = PBXFrameworksBuildPhase;
			buildActionMask = 2147483647;
			files = (
			);
			runOnlyForDeploymentPostprocessing = 0;
		};
/* End PBXFrameworksBuildPhase section */

/* Begin PBXGroup section */
		FC1DDFF026F5A6AC00954DCE = {
			isa = PBXGroup;
			children = (
				FC1DDFFB26F5A6AC00954DCE /* Tarea_api */,
				FC1DDFFA26F5A6AC00954DCE /* Products */,
			);
			sourceTree = "<group>";
		};
		FC1DDFFA26F5A6AC00954DCE /* Products */ = {
			isa = PBXGroup;
			children = (
				FC1DDFF926F5A6AC00954DCE /* Tarea_api.app */,
			);
			name = Products;
			sourceTree = "<group>";
		};
		FC1DDFFB26F5A6AC00954DCE /* Tarea_api */ = {
			isa = PBXGroup;
			children = (
				FC1DDFFC26F5A6AC00954DCE /* Tarea_apiApp.swift */,
				FC1DDFFE26F5A6AC00954DCE /* ContentView.swift */,
				FC1DE00026F5A6AD00954DCE /* Assets.xcassets */,
				FC1DE00526F5A6AD00954DCE /* Info.plist */,
				FC1DE00226F5A6AD00954DCE /* Preview Content */,
				FC1DE00B26F5A6EF00954DCE /* pokemon.swift */,
				FC7B9DEC26F6F70F0009A1C2 /* pokedetail.swift */,
				FC7B9DF426F6FFEC0009A1C2 /* PokemondetailView.swift */,
			);
			path = Tarea_api;
			sourceTree = "<group>";
		};
		FC1DE00226F5A6AD00954DCE /* Preview Content */ = {
			isa = PBXGroup;
			children = (
				FC1DE00326F5A6AD00954DCE /* Preview Assets.xcassets */,
			);
			path = "Preview Content";
			sourceTree = "<group>";
		};
/* End PBXGroup section */

/* Begin PBXNativeTarget section */
		FC1DDFF826F5A6AC00954DCE /* Tarea_api */ = {
			isa = PBXNativeTarget;
			buildConfigurationList = FC1DE00826F5A6AD00954DCE /* Build configuration list for PBXNativeTarget "Tarea_api" */;
			buildPhases = (
				FC1DDFF526F5A6AC00954DCE /* Sources */,
				FC1DDFF626F5A6AC00954DCE /* Frameworks */,
				FC1DDFF726F5A6AC00954DCE /* Resources */,
			);
			buildRules = (
			);
			dependencies = (
			);
			name = Tarea_api;
			productName = Tarea_api;
			productReference = FC1DDFF926F5A6AC00954DCE /* Tarea_api.app */;
			productType = "com.apple.product-type.application";
		};
/* End PBXNativeTarget section */

/* Begin PBXProject section */
		FC1DDFF126F5A6AC00954DCE /* Project object */ = {
			isa = PBXProject;
			attributes = {
				LastSwiftUpdateCheck = 1250;
				LastUpgradeCheck = 1250;
				TargetAttributes = {
					FC1DDFF826F5A6AC00954DCE = {
						CreatedOnToolsVersion = 12.5.1;
					};
				};
			};
			buildConfigurationList = FC1DDFF426F5A6AC00954DCE /* Build configuration list for PBXProject "Tarea_api" */;
			compatibilityVersion = "Xcode 9.3";
			developmentRegion = en;
			hasScannedForEncodings = 0;
			knownRegions = (
				en,
				Base,
			);
			mainGroup = FC1DDFF026F5A6AC00954DCE;
			productRefGroup = FC1DDFFA26F5A6AC00954DCE /* Products */;
			projectDirPath = "";
			projectRoot = "";
			targets = (
				FC1DDFF826F5A6AC00954DCE /* Tarea_api */,
			);
		};
/* End PBXProject section */

/* Begin PBXResourcesBuildPhase section */
		FC1DDFF726F5A6AC00954DCE /* Resources */ = {
			isa = PBXResourcesBuildPhase;
			buildActionMask = 2147483647;
			files = (
				FC1DE00426F5A6AD00954DCE /* Preview Assets.xcassets in Resources */,
				FC1DE00126F5A6AD00954DCE /* Assets.xcassets in Resources */,
			);
			runOnlyForDeploymentPostprocessing = 0;
		};
/* End PBXResourcesBuildPhase section */

/* Begin PBXSourcesBuildPhase section */
		FC1DDFF526F5A6AC00954DCE /* Sources */ = {
			isa = PBXSourcesBuildPhase;
			buildActionMask = 2147483647;
			files = (
				FC7B9DF526F6FFEC0009A1C2 /* PokemondetailView.swift in Sources */,
				FC1DE00C26F5A6EF00954DCE /* pokemon.swift in Sources */,
				FC7B9DED26F6F70F0009A1C2 /* pokedetail.swift in Sources */,
				FC1DDFFF26F5A6AC00954DCE /* ContentView.swift in Sources */,
				FC1DDFFD26F5A6AC00954DCE /* Tarea_apiApp.swift in Sources */,
			);
			runOnlyForDeploymentPostprocessing = 0;
		};
/* End PBXSourcesBuildPhase section */

/* Begin XCBuildConfiguration section */
		FC1DE00626F5A6AD00954DCE /* Debug */ = {
			isa = XCBuildConfiguration;
			buildSettings = {
				ALWAYS_SEARCH_USER_PATHS = NO;
				CLANG_ANALYZER_NONNULL = YES;
				CLANG_ANALYZER_NUMBER_OBJECT_CONVERSION = YES_AGGRESSIVE;
				CLANG_CXX_LANGUAGE_STANDARD = "gnu++14";
				CLANG_CXX_LIBRARY = "libc++";
				CLANG_ENABLE_MODULES = YES;
				CLANG_ENABLE_OBJC_ARC = YES;
				CLANG_ENABLE_OBJC_WEAK = YES;
				CLANG_WARN_BLOCK_CAPTURE_AUTORELEASING = YES;
				CLANG_WARN_BOOL_CONVERSION = YES;
				CLANG_WARN_COMMA = YES;
				CLANG_WARN_CONSTANT_CONVERSION = YES;
				CLANG_WARN_DEPRECATED_OBJC_IMPLEMENTATIONS = YES;
				CLANG_WARN_DIRECT_OBJC_ISA_USAGE = YES_ERROR;
				CLANG_WARN_DOCUMENTATION_COMMENTS = YES;
				CLANG_WARN_EMPTY_BODY = YES;
				CLANG_WARN_ENUM_CONVERSION = YES;
				CLANG_WARN_INFINITE_RECURSION = YES;
				CLANG_WARN_INT_CONVERSION = YES;
				CLANG_WARN_NON_LITERAL_NULL_CONVERSION = YES;
				CLANG_WARN_OBJC_IMPLICIT_RETAIN_SELF = YES;
				CLANG_WARN_OBJC_LITERAL_CONVERSION = YES;
				CLANG_WARN_OBJC_ROOT_CLASS = YES_ERROR;
				CLANG_WARN_QUOTED_INCLUDE_IN_FRAMEWORK_HEADER = YES;
				CLANG_WARN_RANGE_LOOP_ANALYSIS = YES;
				CLANG_WARN_STRICT_PROTOTYPES = YES;
				CLANG_WARN_SUSPICIOUS_MOVE = YES;
				CLANG_WARN_UNGUARDED_AVAILABILITY = YES_AGGRESSIVE;
				CLANG_WARN_UNREACHABLE_CODE = YES;
				CLANG_WARN__DUPLICATE_METHOD_MATCH = YES;
				COPY_PHASE_STRIP = NO;
				DEBUG_INFORMATION_FORMAT = dwarf;
				ENABLE_STRICT_OBJC_MSGSEND = YES;
				ENABLE_TESTABILITY = YES;
				GCC_C_LANGUAGE_STANDARD = gnu11;
				GCC_DYNAMIC_NO_PIC = NO;
				GCC_NO_COMMON_BLOCKS = YES;
				GCC_OPTIMIZATION_LEVEL = 0;
				GCC_PREPROCESSOR_DEFINITIONS = (
					"DEBUG=1",
					"$(inherited)",
				);
				GCC_WARN_64_TO_32_BIT_CONVERSION = YES;
				GCC_WARN_ABOUT_RETURN_TYPE = YES_ERROR;
				GCC_WARN_UNDECLARED_SELECTOR = YES;
				GCC_WARN_UNINITIALIZED_AUTOS = YES_AGGRESSIVE;
				GCC_WARN_UNUSED_FUNCTION = YES;
				GCC_WARN_UNUSED_VARIABLE = YES;
				IPHONEOS_DEPLOYMENT_TARGET = 14.5;
				MTL_ENABLE_DEBUG_INFO = INCLUDE_SOURCE;
				MTL_FAST_MATH = YES;
				ONLY_ACTIVE_ARCH = YES;
				SDKROOT = iphoneos;
				SWIFT_ACTIVE_COMPILATION_CONDITIONS = DEBUG;
				SWIFT_OPTIMIZATION_LEVEL = "-Onone";
			};
			name = Debug;
		};
		FC1DE00726F5A6AD00954DCE /* Release */ = {
			isa = XCBuildConfiguration;
			buildSettings = {
				ALWAYS_SEARCH_USER_PATHS = NO;
				CLANG_ANALYZER_NONNULL = YES;
				CLANG_ANALYZER_NUMBER_OBJECT_CONVERSION = YES_AGGRESSIVE;
				CLANG_CXX_LANGUAGE_STANDARD = "gnu++14";
				CLANG_CXX_LIBRARY = "libc++";
				CLANG_ENABLE_MODULES = YES;
				CLANG_ENABLE_OBJC_ARC = YES;
				CLANG_ENABLE_OBJC_WEAK = YES;
				CLANG_WARN_BLOCK_CAPTURE_AUTORELEASING = YES;
				CLANG_WARN_BOOL_CONVERSION = YES;
				CLANG_WARN_COMMA = YES;
				CLANG_WARN_CONSTANT_CONVERSION = YES;
				CLANG_WARN_DEPRECATED_OBJC_IMPLEMENTATIONS = YES;
				CLANG_WARN_DIRECT_OBJC_ISA_USAGE = YES_ERROR;
				CLANG_WARN_DOCUMENTATION_COMMENTS = YES;
				CLANG_WARN_EMPTY_BODY = YES;
				CLANG_WARN_ENUM_CONVERSION = YES;
				CLANG_WARN_INFINITE_RECURSION = YES;
				CLANG_WARN_INT_CONVERSION = YES;
				CLANG_WARN_NON_LITERAL_NULL_CONVERSION = YES;
				CLANG_WARN_OBJC_IMPLICIT_RETAIN_SELF = YES;
				CLANG_WARN_OBJC_LITERAL_CONVERSION = YES;
				CLANG_WARN_OBJC_ROOT_CLASS = YES_ERROR;
				CLANG_WARN_QUOTED_INCLUDE_IN_FRAMEWORK_HEADER = YES;
				CLANG_WARN_RANGE_LOOP_ANALYSIS = YES;
				CLANG_WARN_STRICT_PROTOTYPES = YES;
				CLANG_WARN_SUSPICIOUS_MOVE = YES;
				CLANG_WARN_UNGUARDED_AVAILABILITY = YES_AGGRESSIVE;
				CLANG_WARN_UNREACHABLE_CODE = YES;
				CLANG_WARN__DUPLICATE_METHOD_MATCH = YES;
				COPY_PHASE_STRIP = NO;
				DEBUG_INFORMATION_FORMAT = "dwarf-with-dsym";
				ENABLE_NS_ASSERTIONS = NO;
				ENABLE_STRICT_OBJC_MSGSEND = YES;
				GCC_C_LANGUAGE_STANDARD = gnu11;
				GCC_NO_COMMON_BLOCKS = YES;
				GCC_WARN_64_TO_32_BIT_CONVERSION = YES;
				GCC_WARN_ABOUT_RETURN_TYPE = YES_ERROR;
				GCC_WARN_UNDECLARED_SELECTOR = YES;
				GCC_WARN_UNINITIALIZED_AUTOS = YES_AGGRESSIVE;
				GCC_WARN_UNUSED_FUNCTION = YES;
				GCC_WARN_UNUSED_VARIABLE = YES;
				IPHONEOS_DEPLOYMENT_TARGET = 14.5;
				MTL_ENABLE_DEBUG_INFO = NO;
				MTL_FAST_MATH = YES;
				SDKROOT = iphoneos;
				SWIFT_COMPILATION_MODE = wholemodule;
				SWIFT_OPTIMIZATION_LEVEL = "-O";
				VALIDATE_PRODUCT = YES;
			};
			name = Release;
		};
		FC1DE00926F5A6AD00954DCE /* Debug */ = {
			isa = XCBuildConfiguration;
			buildSettings = {
				ASSETCATALOG_COMPILER_APPICON_NAME = AppIcon;
				ASSETCATALOG_COMPILER_GLOBAL_ACCENT_COLOR_NAME = AccentColor;
				CODE_SIGN_IDENTITY = "Apple Development";
				CODE_SIGN_STYLE = Automatic;
				DEVELOPMENT_ASSET_PATHS = "\"Tarea_api/Preview Content\"";
				DEVELOPMENT_TEAM = 2K4VMJBX28;
				ENABLE_PREVIEWS = YES;
				INFOPLIST_FILE = Tarea_api/Info.plist;
				IPHONEOS_DEPLOYMENT_TARGET = 14.0;
				LD_RUNPATH_SEARCH_PATHS = (
					"$(inherited)",
					"@executable_path/Frameworks",
				);
				PRODUCT_BUNDLE_IDENTIFIER = "com.cenfotec.mov02.003.Tarea-api";
				PRODUCT_NAME = "$(TARGET_NAME)";
				PROVISIONING_PROFILE_SPECIFIER = "";
				SWIFT_VERSION = 5.0;
				TARGETED_DEVICE_FAMILY = "1,2";
			};
			name = Debug;
		};
		FC1DE00A26F5A6AD00954DCE /* Release */ = {
			isa = XCBuildConfiguration;
			buildSettings = {
				ASSETCATALOG_COMPILER_APPICON_NAME = AppIcon;
				ASSETCATALOG_COMPILER_GLOBAL_ACCENT_COLOR_NAME = AccentColor;
				CODE_SIGN_IDENTITY = "Apple Development";
				CODE_SIGN_STYLE = Automatic;
				DEVELOPMENT_ASSET_PATHS = "\"Tarea_api/Preview Content\"";
				DEVELOPMENT_TEAM = 2K4VMJBX28;
				ENABLE_PREVIEWS = YES;
				INFOPLIST_FILE = Tarea_api/Info.plist;
				IPHONEOS_DEPLOYMENT_TARGET = 14.0;
				LD_RUNPATH_SEARCH_PATHS = (
					"$(inherited)",
					"@executable_path/Frameworks",
				);
				PRODUCT_BUNDLE_IDENTIFIER = "com.cenfotec.mov02.003.Tarea-api";
				PRODUCT_NAME = "$(TARGET_NAME)";
				PROVISIONING_PROFILE_SPECIFIER = "";
				SWIFT_VERSION = 5.0;
				TARGETED_DEVICE_FAMILY = "1,2";
			};
			name = Release;
		};
/* End XCBuildConfiguration section */

/* Begin XCConfigurationList section */
		FC1DDFF426F5A6AC00954DCE /* Build configuration list for PBXProject "Tarea_api" */ = {
			isa = XCConfigurationList;
			buildConfigurations = (
				FC1DE00626F5A6AD00954DCE /* Debug */,
				FC1DE00726F5A6AD00954DCE /* Release */,
			);
			defaultConfigurationIsVisible = 0;
			defaultConfigurationName = Release;
		};
		FC1DE00826F5A6AD00954DCE /* Build configuration list for PBXNativeTarget "Tarea_api" */ = {
			isa = XCConfigurationList;
			buildConfigurations = (
				FC1DE00926F5A6AD00954DCE /* Debug */,
				FC1DE00A26F5A6AD00954DCE /* Release */,
			);
			defaultConfigurationIsVisible = 0;
			defaultConfigurationName = Release;
		};
/* End XCConfigurationList section */
	};
	rootObject = FC1DDFF126F5A6AC00954DCE /* Project object */;
}
